
Microsoft Visual Studio Solution File, Format Version 12.00
# Visual Studio Version 17
VisualStudioVersion = 17.0.32126.317
MinimumVisualStudioVersion = 10.0.40219.1
Project("{2150E333-8FDC-42A3-9474-1A3956D46DE8}") = "ShopManagement", "ShopManagement", "{C5AADC80-C34C-493A-A538-E8AED34AB396}"
EndProject
Project("{2150E333-8FDC-42A3-9474-1A3956D46DE8}") = "SM.Doamin", "SM.Doamin", "{EEF15B54-FB0B-45FD-B967-1DEA6611BD27}"
EndProject
Project("{2150E333-8FDC-42A3-9474-1A3956D46DE8}") = "SM.Application", "SM.Application", "{EC028225-6798-4C2A-BDD8-0A8BC9EF11F8}"
EndProject
Project("{9A19103F-16F7-4668-BE54-9A1E7A4F7556}") = "ShopManagement.Domain", "ShopManagement.Domain\ShopManagement.Domain.csproj", "{20D6F47C-2561-4AA2-95F2-46DCC9290710}"
EndProject
Project("{9A19103F-16F7-4668-BE54-9A1E7A4F7556}") = "0_Framework", "0_Framework\0_Framework.csproj", "{9815E8A0-A21A-49C4-9C8C-EE03A22F66BE}"
EndProject
Project("{9A19103F-16F7-4668-BE54-9A1E7A4F7556}") = "ShopManagement.Application.Contract", "ShopManagement.Application.Contract\ShopManagement.Application.Contract.csproj", "{8EA8A24C-4CA4-4F2A-A09B-93424CA11C2B}"
EndProject
Project("{9A19103F-16F7-4668-BE54-9A1E7A4F7556}") = "ShopManagement.Application", "ShopManagement.Application\ShopManagement.Application.csproj", "{F315A9B3-0444-4B25-9F75-600002312E5D}"
EndProject
Project("{2150E333-8FDC-42A3-9474-1A3956D46DE8}") = "SM.Infrastructure", "SM.Infrastructure", "{D6E831B3-88D6-4C41-96C3-F3711E095FB9}"
EndProject
Project("{9A19103F-16F7-4668-BE54-9A1E7A4F7556}") = "ShopManagement.Infrastructure.EfCore", "SM.Infrastructure.EfCore\ShopManagement.Infrastructure.EfCore.csproj", "{B35FA36F-1247-4396-B570-AB1507FDD210}"
EndProject
Project("{9A19103F-16F7-4668-BE54-9A1E7A4F7556}") = "ShopManagement.Configuration", "ShopManagement.Configuraion\ShopManagement.Configuration.csproj", "{37EB6996-87E7-4303-A9C0-201A5B4D3FA9}"
EndProject
Project("{9A19103F-16F7-4668-BE54-9A1E7A4F7556}") = "ServiceHost", "ServiceHost\ServiceHost.csproj", "{7334BD9F-9370-4F0C-A229-1DB33E6619AE}"
EndProject
Project("{9A19103F-16F7-4668-BE54-9A1E7A4F7556}") = "01_LampshadeQuery", "01_LampshadeQuery\01_LampshadeQuery.csproj", "{4A286369-C958-4770-AECB-CC8B407FF88F}"
EndProject
Project("{2150E333-8FDC-42A3-9474-1A3956D46DE8}") = "DiscountManagement", "DiscountManagement", "{DEB4CFF6-66F5-479D-9793-F9E62A370AD4}"
EndProject
Project("{2150E333-8FDC-42A3-9474-1A3956D46DE8}") = "DM.Domain", "DM.Domain", "{76193701-C567-4B35-8903-839E5147B5B1}"
EndProject
Project("{2150E333-8FDC-42A3-9474-1A3956D46DE8}") = "DM.Application", "DM.Application", "{2D71B294-D635-4753-8EC0-6E48CD0A7465}"
EndProject
Project("{2150E333-8FDC-42A3-9474-1A3956D46DE8}") = "DM.Infrastructure", "DM.Infrastructure", "{B0628ED9-7B53-41B7-AB5D-215CAA60EB16}"
EndProject
Project("{9A19103F-16F7-4668-BE54-9A1E7A4F7556}") = "DiscountManagement.Domain", "DiscountManagement.Domain\DiscountManagement.Domain.csproj", "{5BF9E683-FDFE-4120-B586-B094A5EC38CD}"
EndProject
Project("{9A19103F-16F7-4668-BE54-9A1E7A4F7556}") = "DiscountManagement.Application.Contract", "CustomerDiscount.Application.Contract\DiscountManagement.Application.Contract.csproj", "{9B6B9FDC-552C-4524-9328-1FD44A1AF916}"
EndProject
Project("{9A19103F-16F7-4668-BE54-9A1E7A4F7556}") = "DiscountManagement.Application", "DiscountManagement.Application\DiscountManagement.Application.csproj", "{35A836CD-4572-4EA3-A18E-69F0E6E34990}"
EndProject
Project("{9A19103F-16F7-4668-BE54-9A1E7A4F7556}") = "DiscountManagement.Infrastructure.EFCore", "DiscountManagement.Infrastructure.EFCore\DiscountManagement.Infrastructure.EFCore.csproj", "{4D85B63F-9CFF-422D-882C-3A3E27ABEBD9}"
EndProject
Project("{9A19103F-16F7-4668-BE54-9A1E7A4F7556}") = "DiscountManagement.Configuration", "DiscountManagement.Configuration\DiscountManagement.Configuration.csproj", "{CD2BA94F-45E8-4C50-BCF2-0431813E3C0E}"
EndProject
Project("{2150E333-8FDC-42A3-9474-1A3956D46DE8}") = "InventoryManagement", "InventoryManagement", "{237F5060-CBD1-46C5-BFAA-07F3CDC5975F}"
EndProject
Project("{2150E333-8FDC-42A3-9474-1A3956D46DE8}") = "IM.Domain", "IM.Domain", "{4D76F74C-B944-4457-A518-C7D13E5FF4AA}"
EndProject
Project("{2150E333-8FDC-42A3-9474-1A3956D46DE8}") = "IM.Infrastructure", "IM.Infrastructure", "{277F681A-BD63-4B9E-90D6-1D4584581B55}"
EndProject
Project("{2150E333-8FDC-42A3-9474-1A3956D46DE8}") = "IM.Application", "IM.Application", "{8D9AF624-1C81-4DD7-A238-395D4018BE89}"
EndProject
Project("{9A19103F-16F7-4668-BE54-9A1E7A4F7556}") = "InventoryManagement.Domain", "InventoryManagement.Domain\InventoryManagement.Domain.csproj", "{CCB2257C-EF5F-47B8-BB73-FAFD53EAAFC0}"
EndProject
Project("{9A19103F-16F7-4668-BE54-9A1E7A4F7556}") = "InventoryManagement.Infrastructure.EFCore", "InventoryManagement.Infrastructure\InventoryManagement.Infrastructure.EFCore.csproj", "{2A1527EB-2106-48C7-9247-D3B2694E9E32}"
EndProject
Project("{9A19103F-16F7-4668-BE54-9A1E7A4F7556}") = "InventoryManagement.Application.Contract", "InventoryManagement.Application.Contract\InventoryManagement.Application.Contract.csproj", "{2BCD6D63-853B-4F2C-AF1A-E46B5BF2D740}"
EndProject
Project("{9A19103F-16F7-4668-BE54-9A1E7A4F7556}") = "InventoryManagement.Application", "InventoryManagement.Application\InventoryManagement.Application.csproj", "{6EA83961-049B-44A7-AA7B-C16C0DEE829A}"
EndProject
Project("{9A19103F-16F7-4668-BE54-9A1E7A4F7556}") = "InventoryManagement.Infrastructure.Configuration", "InventoryManagement.Infrastructure.Configuration\InventoryManagement.Infrastructure.Configuration.csproj", "{F0D9A753-B33F-4814-90ED-F6B9F387FE55}"
EndProject
Global
	GlobalSection(SolutionConfigurationPlatforms) = preSolution
		Debug|Any CPU = Debug|Any CPU
		Release|Any CPU = Release|Any CPU
	EndGlobalSection
	GlobalSection(ProjectConfigurationPlatforms) = postSolution
		{20D6F47C-2561-4AA2-95F2-46DCC9290710}.Debug|Any CPU.ActiveCfg = Debug|Any CPU
		{20D6F47C-2561-4AA2-95F2-46DCC9290710}.Debug|Any CPU.Build.0 = Debug|Any CPU
		{20D6F47C-2561-4AA2-95F2-46DCC9290710}.Release|Any CPU.ActiveCfg = Release|Any CPU
		{20D6F47C-2561-4AA2-95F2-46DCC9290710}.Release|Any CPU.Build.0 = Release|Any CPU
		{9815E8A0-A21A-49C4-9C8C-EE03A22F66BE}.Debug|Any CPU.ActiveCfg = Debug|Any CPU
		{9815E8A0-A21A-49C4-9C8C-EE03A22F66BE}.Debug|Any CPU.Build.0 = Debug|Any CPU
		{9815E8A0-A21A-49C4-9C8C-EE03A22F66BE}.Release|Any CPU.ActiveCfg = Release|Any CPU
		{9815E8A0-A21A-49C4-9C8C-EE03A22F66BE}.Release|Any CPU.Build.0 = Release|Any CPU
		{8EA8A24C-4CA4-4F2A-A09B-93424CA11C2B}.Debug|Any CPU.ActiveCfg = Debug|Any CPU
		{8EA8A24C-4CA4-4F2A-A09B-93424CA11C2B}.Debug|Any CPU.Build.0 = Debug|Any CPU
		{8EA8A24C-4CA4-4F2A-A09B-93424CA11C2B}.Release|Any CPU.ActiveCfg = Release|Any CPU
		{8EA8A24C-4CA4-4F2A-A09B-93424CA11C2B}.Release|Any CPU.Build.0 = Release|Any CPU
		{F315A9B3-0444-4B25-9F75-600002312E5D}.Debug|Any CPU.ActiveCfg = Debug|Any CPU
		{F315A9B3-0444-4B25-9F75-600002312E5D}.Debug|Any CPU.Build.0 = Debug|Any CPU
		{F315A9B3-0444-4B25-9F75-600002312E5D}.Release|Any CPU.ActiveCfg = Release|Any CPU
		{F315A9B3-0444-4B25-9F75-600002312E5D}.Release|Any CPU.Build.0 = Release|Any CPU
		{B35FA36F-1247-4396-B570-AB1507FDD210}.Debug|Any CPU.ActiveCfg = Debug|Any CPU
		{B35FA36F-1247-4396-B570-AB1507FDD210}.Debug|Any CPU.Build.0 = Debug|Any CPU
		{B35FA36F-1247-4396-B570-AB1507FDD210}.Release|Any CPU.ActiveCfg = Release|Any CPU
		{B35FA36F-1247-4396-B570-AB1507FDD210}.Release|Any CPU.Build.0 = Release|Any CPU
		{37EB6996-87E7-4303-A9C0-201A5B4D3FA9}.Debug|Any CPU.ActiveCfg = Debug|Any CPU
		{37EB6996-87E7-4303-A9C0-201A5B4D3FA9}.Debug|Any CPU.Build.0 = Debug|Any CPU
		{37EB6996-87E7-4303-A9C0-201A5B4D3FA9}.Release|Any CPU.ActiveCfg = Release|Any CPU
		{37EB6996-87E7-4303-A9C0-201A5B4D3FA9}.Release|Any CPU.Build.0 = Release|Any CPU
		{7334BD9F-9370-4F0C-A229-1DB33E6619AE}.Debug|Any CPU.ActiveCfg = Debug|Any CPU
		{7334BD9F-9370-4F0C-A229-1DB33E6619AE}.Debug|Any CPU.Build.0 = Debug|Any CPU
		{7334BD9F-9370-4F0C-A229-1DB33E6619AE}.Release|Any CPU.ActiveCfg = Release|Any CPU
		{7334BD9F-9370-4F0C-A229-1DB33E6619AE}.Release|Any CPU.Build.0 = Release|Any CPU
		{4A286369-C958-4770-AECB-CC8B407FF88F}.Debug|Any CPU.ActiveCfg = Debug|Any CPU
		{4A286369-C958-4770-AECB-CC8B407FF88F}.Debug|Any CPU.Build.0 = Debug|Any CPU
		{4A286369-C958-4770-AECB-CC8B407FF88F}.Release|Any CPU.ActiveCfg = Release|Any CPU
		{4A286369-C958-4770-AECB-CC8B407FF88F}.Release|Any CPU.Build.0 = Release|Any CPU
		{5BF9E683-FDFE-4120-B586-B094A5EC38CD}.Debug|Any CPU.ActiveCfg = Debug|Any CPU
		{5BF9E683-FDFE-4120-B586-B094A5EC38CD}.Debug|Any CPU.Build.0 = Debug|Any CPU
		{5BF9E683-FDFE-4120-B586-B094A5EC38CD}.Release|Any CPU.ActiveCfg = Release|Any CPU
		{5BF9E683-FDFE-4120-B586-B094A5EC38CD}.Release|Any CPU.Build.0 = Release|Any CPU
		{9B6B9FDC-552C-4524-9328-1FD44A1AF916}.Debug|Any CPU.ActiveCfg = Debug|Any CPU
		{9B6B9FDC-552C-4524-9328-1FD44A1AF916}.Debug|Any CPU.Build.0 = Debug|Any CPU
		{9B6B9FDC-552C-4524-9328-1FD44A1AF916}.Release|Any CPU.ActiveCfg = Release|Any CPU
		{9B6B9FDC-552C-4524-9328-1FD44A1AF916}.Release|Any CPU.Build.0 = Release|Any CPU
		{35A836CD-4572-4EA3-A18E-69F0E6E34990}.Debug|Any CPU.ActiveCfg = Debug|Any CPU
		{35A836CD-4572-4EA3-A18E-69F0E6E34990}.Debug|Any CPU.Build.0 = Debug|Any CPU
		{35A836CD-4572-4EA3-A18E-69F0E6E34990}.Release|Any CPU.ActiveCfg = Release|Any CPU
		{35A836CD-4572-4EA3-A18E-69F0E6E34990}.Release|Any CPU.Build.0 = Release|Any CPU
		{4D85B63F-9CFF-422D-882C-3A3E27ABEBD9}.Debug|Any CPU.ActiveCfg = Debug|Any CPU
		{4D85B63F-9CFF-422D-882C-3A3E27ABEBD9}.Debug|Any CPU.Build.0 = Debug|Any CPU
		{4D85B63F-9CFF-422D-882C-3A3E27ABEBD9}.Release|Any CPU.ActiveCfg = Release|Any CPU
		{4D85B63F-9CFF-422D-882C-3A3E27ABEBD9}.Release|Any CPU.Build.0 = Release|Any CPU
		{CD2BA94F-45E8-4C50-BCF2-0431813E3C0E}.Debug|Any CPU.ActiveCfg = Debug|Any CPU
		{CD2BA94F-45E8-4C50-BCF2-0431813E3C0E}.Debug|Any CPU.Build.0 = Debug|Any CPU
		{CD2BA94F-45E8-4C50-BCF2-0431813E3C0E}.Release|Any CPU.ActiveCfg = Release|Any CPU
		{CD2BA94F-45E8-4C50-BCF2-0431813E3C0E}.Release|Any CPU.Build.0 = Release|Any CPU
		{CCB2257C-EF5F-47B8-BB73-FAFD53EAAFC0}.Debug|Any CPU.ActiveCfg = Debug|Any CPU
		{CCB2257C-EF5F-47B8-BB73-FAFD53EAAFC0}.Debug|Any CPU.Build.0 = Debug|Any CPU
		{CCB2257C-EF5F-47B8-BB73-FAFD53EAAFC0}.Release|Any CPU.ActiveCfg = Release|Any CPU
		{CCB2257C-EF5F-47B8-BB73-FAFD53EAAFC0}.Release|Any CPU.Build.0 = Release|Any CPU
		{2A1527EB-2106-48C7-9247-D3B2694E9E32}.Debug|Any CPU.ActiveCfg = Debug|Any CPU
		{2A1527EB-2106-48C7-9247-D3B2694E9E32}.Debug|Any CPU.Build.0 = Debug|Any CPU
		{2A1527EB-2106-48C7-9247-D3B2694E9E32}.Release|Any CPU.ActiveCfg = Release|Any CPU
		{2A1527EB-2106-48C7-9247-D3B2694E9E32}.Release|Any CPU.Build.0 = Release|Any CPU
		{2BCD6D63-853B-4F2C-AF1A-E46B5BF2D740}.Debug|Any CPU.ActiveCfg = Debug|Any CPU
		{2BCD6D63-853B-4F2C-AF1A-E46B5BF2D740}.Debug|Any CPU.Build.0 = Debug|Any CPU
		{2BCD6D63-853B-4F2C-AF1A-E46B5BF2D740}.Release|Any CPU.ActiveCfg = Release|Any CPU
		{2BCD6D63-853B-4F2C-AF1A-E46B5BF2D740}.Release|Any CPU.Build.0 = Release|Any CPU
		{6EA83961-049B-44A7-AA7B-C16C0DEE829A}.Debug|Any CPU.ActiveCfg = Debug|Any CPU
		{6EA83961-049B-44A7-AA7B-C16C0DEE829A}.Debug|Any CPU.Build.0 = Debug|Any CPU
		{6EA83961-049B-44A7-AA7B-C16C0DEE829A}.Release|Any CPU.ActiveCfg = Release|Any CPU
		{6EA83961-049B-44A7-AA7B-C16C0DEE829A}.Release|Any CPU.Build.0 = Release|Any CPU
		{F0D9A753-B33F-4814-90ED-F6B9F387FE55}.Debug|Any CPU.ActiveCfg = Debug|Any CPU
		{F0D9A753-B33F-4814-90ED-F6B9F387FE55}.Debug|Any CPU.Build.0 = Debug|Any CPU
		{F0D9A753-B33F-4814-90ED-F6B9F387FE55}.Release|Any CPU.ActiveCfg = Release|Any CPU
		{F0D9A753-B33F-4814-90ED-F6B9F387FE55}.Release|Any CPU.Build.0 = Release|Any CPU
	EndGlobalSection
	GlobalSection(SolutionProperties) = preSolution
		HideSolutionNode = FALSE
	EndGlobalSection
	GlobalSection(NestedProjects) = preSolution
		{EEF15B54-FB0B-45FD-B967-1DEA6611BD27} = {C5AADC80-C34C-493A-A538-E8AED34AB396}
		{EC028225-6798-4C2A-BDD8-0A8BC9EF11F8} = {C5AADC80-C34C-493A-A538-E8AED34AB396}
		{20D6F47C-2561-4AA2-95F2-46DCC9290710} = {EEF15B54-FB0B-45FD-B967-1DEA6611BD27}
		{8EA8A24C-4CA4-4F2A-A09B-93424CA11C2B} = {EC028225-6798-4C2A-BDD8-0A8BC9EF11F8}
		{F315A9B3-0444-4B25-9F75-600002312E5D} = {EC028225-6798-4C2A-BDD8-0A8BC9EF11F8}
		{D6E831B3-88D6-4C41-96C3-F3711E095FB9} = {C5AADC80-C34C-493A-A538-E8AED34AB396}
		{B35FA36F-1247-4396-B570-AB1507FDD210} = {D6E831B3-88D6-4C41-96C3-F3711E095FB9}
		{37EB6996-87E7-4303-A9C0-201A5B4D3FA9} = {D6E831B3-88D6-4C41-96C3-F3711E095FB9}
		{76193701-C567-4B35-8903-839E5147B5B1} = {DEB4CFF6-66F5-479D-9793-F9E62A370AD4}
		{2D71B294-D635-4753-8EC0-6E48CD0A7465} = {DEB4CFF6-66F5-479D-9793-F9E62A370AD4}
		{B0628ED9-7B53-41B7-AB5D-215CAA60EB16} = {DEB4CFF6-66F5-479D-9793-F9E62A370AD4}
		{5BF9E683-FDFE-4120-B586-B094A5EC38CD} = {76193701-C567-4B35-8903-839E5147B5B1}
		{9B6B9FDC-552C-4524-9328-1FD44A1AF916} = {2D71B294-D635-4753-8EC0-6E48CD0A7465}
		{35A836CD-4572-4EA3-A18E-69F0E6E34990} = {2D71B294-D635-4753-8EC0-6E48CD0A7465}
		{4D85B63F-9CFF-422D-882C-3A3E27ABEBD9} = {B0628ED9-7B53-41B7-AB5D-215CAA60EB16}
		{CD2BA94F-45E8-4C50-BCF2-0431813E3C0E} = {B0628ED9-7B53-41B7-AB5D-215CAA60EB16}
		{4D76F74C-B944-4457-A518-C7D13E5FF4AA} = {237F5060-CBD1-46C5-BFAA-07F3CDC5975F}
		{277F681A-BD63-4B9E-90D6-1D4584581B55} = {237F5060-CBD1-46C5-BFAA-07F3CDC5975F}
		{8D9AF624-1C81-4DD7-A238-395D4018BE89} = {237F5060-CBD1-46C5-BFAA-07F3CDC5975F}
		{CCB2257C-EF5F-47B8-BB73-FAFD53EAAFC0} = {4D76F74C-B944-4457-A518-C7D13E5FF4AA}
		{2A1527EB-2106-48C7-9247-D3B2694E9E32} = {277F681A-BD63-4B9E-90D6-1D4584581B55}
		{2BCD6D63-853B-4F2C-AF1A-E46B5BF2D740} = {8D9AF624-1C81-4DD7-A238-395D4018BE89}
		{6EA83961-049B-44A7-AA7B-C16C0DEE829A} = {8D9AF624-1C81-4DD7-A238-395D4018BE89}
		{F0D9A753-B33F-4814-90ED-F6B9F387FE55} = {277F681A-BD63-4B9E-90D6-1D4584581B55}
	EndGlobalSection
	GlobalSection(ExtensibilityGlobals) = postSolution
		SolutionGuid = {9D2AD56B-6992-4A58-95F4-5482EA8F6161}
	EndGlobalSection
EndGlobal
