
Microsoft Visual Studio Solution File, Format Version 12.00
# Visual Studio Version 17
VisualStudioVersion = 17.0.32126.317
MinimumVisualStudioVersion = 10.0.40219.1
Project("{2150E333-8FDC-42A3-9474-1A3956D46DE8}") = "ShopManagement", "ShopManagement", "{C5AADC80-C34C-493A-A538-E8AED34AB396}"
EndProject
Project("{2150E333-8FDC-42A3-9474-1A3956D46DE8}") = "SM.Doamin", "SM.Doamin", "{EEF15B54-FB0B-45FD-B967-1DEA6611BD27}"
EndProject
Project("{2150E333-8FDC-42A3-9474-1A3956D46DE8}") = "SM.Application", "SM.Application", "{EC028225-6798-4C2A-BDD8-0A8BC9EF11F8}"
EndProject
Project("{9A19103F-16F7-4668-BE54-9A1E7A4F7556}") = "ShopManagement.Domain", "ShopManagement.Domain\ShopManagement.Domain.csproj", "{20D6F47C-2561-4AA2-95F2-46DCC9290710}"
EndProject
Project("{9A19103F-16F7-4668-BE54-9A1E7A4F7556}") = "0_Framework", "0_Framework\0_Framework.csproj", "{9815E8A0-A21A-49C4-9C8C-EE03A22F66BE}"
EndProject
Project("{9A19103F-16F7-4668-BE54-9A1E7A4F7556}") = "ShopManagement.Application.Contract", "ShopManagement.Application.Contract\ShopManagement.Application.Contract.csproj", "{8EA8A24C-4CA4-4F2A-A09B-93424CA11C2B}"
EndProject
Project("{9A19103F-16F7-4668-BE54-9A1E7A4F7556}") = "ShopManagement.Application", "ShopManagement.Application\ShopManagement.Application.csproj", "{F315A9B3-0444-4B25-9F75-600002312E5D}"
EndProject
Project("{2150E333-8FDC-42A3-9474-1A3956D46DE8}") = "SM.Infrastructure", "SM.Infrastructure", "{D6E831B3-88D6-4C41-96C3-F3711E095FB9}"
EndProject
Project("{9A19103F-16F7-4668-BE54-9A1E7A4F7556}") = "ShopManagement.Infrastructure.EfCore", "SM.Infrastructure.EfCore\ShopManagement.Infrastructure.EfCore.csproj", "{B35FA36F-1247-4396-B570-AB1507FDD210}"
EndProject
Project("{9A19103F-16F7-4668-BE54-9A1E7A4F7556}") = "ShopManagement.Infrastructure.Configuration", "ShopManagement.Configuraion\ShopManagement.Infrastructure.Configuration.csproj", "{37EB6996-87E7-4303-A9C0-201A5B4D3FA9}"
EndProject
Project("{9A19103F-16F7-4668-BE54-9A1E7A4F7556}") = "ServiceHost", "ServiceHost\ServiceHost.csproj", "{7334BD9F-9370-4F0C-A229-1DB33E6619AE}"
EndProject
Project("{9A19103F-16F7-4668-BE54-9A1E7A4F7556}") = "01_LampshadeQuery", "01_LampshadeQuery\01_LampshadeQuery.csproj", "{4A286369-C958-4770-AECB-CC8B407FF88F}"
EndProject
Project("{2150E333-8FDC-42A3-9474-1A3956D46DE8}") = "DiscountManagement", "DiscountManagement", "{DEB4CFF6-66F5-479D-9793-F9E62A370AD4}"
EndProject
Project("{2150E333-8FDC-42A3-9474-1A3956D46DE8}") = "DM.Domain", "DM.Domain", "{76193701-C567-4B35-8903-839E5147B5B1}"
EndProject
Project("{2150E333-8FDC-42A3-9474-1A3956D46DE8}") = "DM.Application", "DM.Application", "{2D71B294-D635-4753-8EC0-6E48CD0A7465}"
EndProject
Project("{2150E333-8FDC-42A3-9474-1A3956D46DE8}") = "DM.Infrastructure", "DM.Infrastructure", "{B0628ED9-7B53-41B7-AB5D-215CAA60EB16}"
EndProject
Project("{9A19103F-16F7-4668-BE54-9A1E7A4F7556}") = "DiscountManagement.Domain", "DiscountManagement.Domain\DiscountManagement.Domain.csproj", "{5BF9E683-FDFE-4120-B586-B094A5EC38CD}"
EndProject
Project("{9A19103F-16F7-4668-BE54-9A1E7A4F7556}") = "DiscountManagement.Application.Contract", "CustomerDiscount.Application.Contract\DiscountManagement.Application.Contract.csproj", "{9B6B9FDC-552C-4524-9328-1FD44A1AF916}"
EndProject
Project("{9A19103F-16F7-4668-BE54-9A1E7A4F7556}") = "DiscountManagement.Application", "DiscountManagement.Application\DiscountManagement.Application.csproj", "{35A836CD-4572-4EA3-A18E-69F0E6E34990}"
EndProject
Project("{9A19103F-16F7-4668-BE54-9A1E7A4F7556}") = "DiscountManagement.Infrastructure.EFCore", "DiscountManagement.Infrastructure.EFCore\DiscountManagement.Infrastructure.EFCore.csproj", "{4D85B63F-9CFF-422D-882C-3A3E27ABEBD9}"
EndProject
Project("{9A19103F-16F7-4668-BE54-9A1E7A4F7556}") = "DiscountManagement.Infrastructure.Configuration", "DiscountManagement.Configuration\DiscountManagement.Infrastructure.Configuration.csproj", "{CD2BA94F-45E8-4C50-BCF2-0431813E3C0E}"
EndProject
Project("{2150E333-8FDC-42A3-9474-1A3956D46DE8}") = "InventoryManagement", "InventoryManagement", "{237F5060-CBD1-46C5-BFAA-07F3CDC5975F}"
EndProject
Project("{2150E333-8FDC-42A3-9474-1A3956D46DE8}") = "IM.Domain", "IM.Domain", "{4D76F74C-B944-4457-A518-C7D13E5FF4AA}"
EndProject
Project("{2150E333-8FDC-42A3-9474-1A3956D46DE8}") = "IM.Infrastructure", "IM.Infrastructure", "{277F681A-BD63-4B9E-90D6-1D4584581B55}"
EndProject
Project("{2150E333-8FDC-42A3-9474-1A3956D46DE8}") = "IM.Application", "IM.Application", "{8D9AF624-1C81-4DD7-A238-395D4018BE89}"
EndProject
Project("{9A19103F-16F7-4668-BE54-9A1E7A4F7556}") = "InventoryManagement.Domain", "InventoryManagement.Domain\InventoryManagement.Domain.csproj", "{CCB2257C-EF5F-47B8-BB73-FAFD53EAAFC0}"
EndProject
Project("{9A19103F-16F7-4668-BE54-9A1E7A4F7556}") = "InventoryManagement.Infrastructure.EFCore", "InventoryManagement.Infrastructure\InventoryManagement.Infrastructure.EFCore.csproj", "{2A1527EB-2106-48C7-9247-D3B2694E9E32}"
EndProject
Project("{9A19103F-16F7-4668-BE54-9A1E7A4F7556}") = "InventoryManagement.Application.Contract", "InventoryManagement.Application.Contract\InventoryManagement.Application.Contract.csproj", "{2BCD6D63-853B-4F2C-AF1A-E46B5BF2D740}"
EndProject
Project("{9A19103F-16F7-4668-BE54-9A1E7A4F7556}") = "InventoryManagement.Application", "InventoryManagement.Application\InventoryManagement.Application.csproj", "{6EA83961-049B-44A7-AA7B-C16C0DEE829A}"
EndProject
Project("{9A19103F-16F7-4668-BE54-9A1E7A4F7556}") = "InventoryManagement.Infrastructure.Configuration", "InventoryManagement.Infrastructure.Configuration\InventoryManagement.Infrastructure.Configuration.csproj", "{F0D9A753-B33F-4814-90ED-F6B9F387FE55}"
EndProject
Project("{2150E333-8FDC-42A3-9474-1A3956D46DE8}") = "BlogManagement", "BlogManagement", "{555A3A93-059F-41F3-8B4B-FF89DE4FBD84}"
EndProject
Project("{2150E333-8FDC-42A3-9474-1A3956D46DE8}") = "BM.Domain", "BM.Domain", "{FBCE5F38-B9F0-40AF-B2CE-E4DE5BCA00E4}"
EndProject
Project("{2150E333-8FDC-42A3-9474-1A3956D46DE8}") = "BM.Application", "BM.Application", "{99090842-CCE1-41AF-A2C3-70ADF3B9647C}"
EndProject
Project("{2150E333-8FDC-42A3-9474-1A3956D46DE8}") = "BM.Infrastructure", "BM.Infrastructure", "{7AC0256D-0104-40F7-9E72-9A29887D6848}"
EndProject
Project("{9A19103F-16F7-4668-BE54-9A1E7A4F7556}") = "BlogManagement.Domain", "BlogManagement.Domain\BlogManagement.Domain.csproj", "{80466533-DE81-41EF-B0AA-B09E0074146E}"
EndProject
Project("{9A19103F-16F7-4668-BE54-9A1E7A4F7556}") = "BlogManagement.Application.Contract", "BlogManagement.Application.Contract\BlogManagement.Application.Contract.csproj", "{99785917-1CD1-483C-8F8C-525FDF20540F}"
EndProject
Project("{9A19103F-16F7-4668-BE54-9A1E7A4F7556}") = "BlogManagement.Application", "BlogManagement.Application\BlogManagement.Application.csproj", "{EC1B774A-0663-41DE-96B5-F07A714DB6A7}"
EndProject
Project("{9A19103F-16F7-4668-BE54-9A1E7A4F7556}") = "BlogManagement.Infrastructure.EFCore", "BlogManagement.Infrastructure.EFCore\BlogManagement.Infrastructure.EFCore.csproj", "{91B98756-40FC-4F35-BBCB-F26807B3A427}"
EndProject
Project("{9A19103F-16F7-4668-BE54-9A1E7A4F7556}") = "BlogManagement.Infrastructure.Configuration", "BlogManagement.Infrastructure.Configuration\BlogManagement.Infrastructure.Configuration.csproj", "{41E133FE-F71F-424A-A0D1-F9AFF07CE8E7}"
EndProject
Project("{2150E333-8FDC-42A3-9474-1A3956D46DE8}") = "CommentManagement", "CommentManagement", "{619FFDE9-F1E3-485C-8D08-197ED649852C}"
EndProject
Project("{2150E333-8FDC-42A3-9474-1A3956D46DE8}") = "CM.Domain", "CM.Domain", "{5C3F665F-73D6-4AD5-BB00-4A0CAE369E0C}"
EndProject
Project("{2150E333-8FDC-42A3-9474-1A3956D46DE8}") = "CM.Application", "CM.Application", "{2B04A56F-22D9-42F7-A150-18E1BEE81BC5}"
EndProject
Project("{2150E333-8FDC-42A3-9474-1A3956D46DE8}") = "CM.Infrastructure", "CM.Infrastructure", "{BDD9A80C-56B7-41C9-BA75-85AD43C95E8C}"
EndProject
Project("{9A19103F-16F7-4668-BE54-9A1E7A4F7556}") = "CommentManagement.Domain", "CommentManagement.Domain\CommentManagement.Domain.csproj", "{CFF9BDAB-4B53-49EA-B815-3BEF55921455}"
EndProject
Project("{9A19103F-16F7-4668-BE54-9A1E7A4F7556}") = "CommentManagement.Application", "CommentMangement.Application\CommentManagement.Application.csproj", "{03164B85-FB28-4A3C-BF23-FD393960C54F}"
EndProject
Project("{9A19103F-16F7-4668-BE54-9A1E7A4F7556}") = "CommentManagement.Application.Contract", "CommentMangement.Application.Contracts\CommentManagement.Application.Contract.csproj", "{BA7025B3-80A1-4A8F-A2B9-FD6539D06399}"
EndProject
Project("{9A19103F-16F7-4668-BE54-9A1E7A4F7556}") = "CommentManagement.Infrastructure.Configuration", "CommentMangement.Infrastructure.Configuration\CommentManagement.Infrastructure.Configuration.csproj", "{95876EED-1598-43B7-AC23-8634929AEAB4}"
EndProject
Project("{9A19103F-16F7-4668-BE54-9A1E7A4F7556}") = "CommentManagement.Infrastructure.EFCore", "CommentMangement.Infrastructure.EFCore\CommentManagement.Infrastructure.EFCore.csproj", "{D162653F-7635-4A61-B612-C3610C113950}"
EndProject
Project("{2150E333-8FDC-42A3-9474-1A3956D46DE8}") = "AccountManagement", "AccountManagement", "{BD9CCCA6-5E5B-4A34-BE74-9B3B564A1B57}"
EndProject
Project("{2150E333-8FDC-42A3-9474-1A3956D46DE8}") = "AM.Application", "AM.Application", "{CC3D9EAD-1EBE-4352-82EF-3DD49CF8447F}"
EndProject
Project("{2150E333-8FDC-42A3-9474-1A3956D46DE8}") = "AM.Domain", "AM.Domain", "{C5A43991-F50B-491F-83C2-E0800C6CE473}"
EndProject
Project("{2150E333-8FDC-42A3-9474-1A3956D46DE8}") = "AM.Infrastructure", "AM.Infrastructure", "{66ED5E8F-5BBF-4532-A6EB-DF7E5307FE81}"
EndProject
Project("{9A19103F-16F7-4668-BE54-9A1E7A4F7556}") = "AccountManagement.Application", "AccountManagement.Application\AccountManagement.Application.csproj", "{52EC00E2-2B89-460E-A8D9-8D83994033BC}"
EndProject
Project("{9A19103F-16F7-4668-BE54-9A1E7A4F7556}") = "AccountManagement.Domain", "AccountManagement.Domain\AccountManagement.Domain.csproj", "{1600EAB5-6704-4B67-9884-EA401053CB3A}"
EndProject
Project("{9A19103F-16F7-4668-BE54-9A1E7A4F7556}") = "AccountManagement.Application.Contracts", "AccountManagement.Application.Contracts\AccountManagement.Application.Contracts.csproj", "{9C72510F-2198-4DF6-B458-5541249F7531}"
EndProject
Project("{9A19103F-16F7-4668-BE54-9A1E7A4F7556}") = "AccountManagement.Infrastructure.EfCore", "AccountManagement.Infrastructure.EfCore\AccountManagement.Infrastructure.EfCore.csproj", "{20B216D9-5004-4663-BCFE-B199B8DA982A}"
EndProject
Project("{9A19103F-16F7-4668-BE54-9A1E7A4F7556}") = "AccountManagement.Infrastructure.Configuration", "AccountManagement.Infrastructure.Configuration\AccountManagement.Infrastructure.Configuration.csproj", "{60FF2B9D-3DA4-4FE4-BB01-E4E42D52C4E8}"
EndProject
Project("{2150E333-8FDC-42A3-9474-1A3956D46DE8}") = "SM.Presentation", "SM.Presentation", "{5938B983-0A29-4C09-8692-0B010B4D4A3E}"
EndProject
Project("{9A19103F-16F7-4668-BE54-9A1E7A4F7556}") = "ShopManagement.Presentation.Api", "ShopManagement.Presentation.Api\ShopManagement.Presentation.Api.csproj", "{D682BDD9-19AB-4E48-928B-52E96918D250}"
EndProject
Project("{2150E333-8FDC-42A3-9474-1A3956D46DE8}") = "IM.Presentation", "IM.Presentation", "{836A00FD-A31B-44E2-9754-2CB093F3C5CE}"
EndProject
Project("{9A19103F-16F7-4668-BE54-9A1E7A4F7556}") = "InventoryManagement.Presentation.Api", "InventoryManagement.Presentation.Api\InventoryManagement.Presentation.Api.csproj", "{E31CA9B1-14BB-4541-A089-1DCFA71C4C01}"
EndProject
Project("{2150E333-8FDC-42A3-9474-1A3956D46DE8}") = "BM.Presentation", "BM.Presentation", "{1A7C8B62-5E6C-40B8-8921-DCE07A1F4D86}"
EndProject
Project("{9A19103F-16F7-4668-BE54-9A1E7A4F7556}") = "BlogManagement.Presentation.Api", "BlogManagement.Presentation.Api\BlogManagement.Presentation.Api.csproj", "{0D814315-00FD-4936-9E0E-ABF595B4609F}"
EndProject
Project("{FAE04EC0-301F-11D3-BF4B-00C04F79EFBC}") = "ShopManagement.Infrastructure.InventoryAcl", "ShopManagement.Infrastructure.InventoryAcl\ShopManagement.Infrastructure.InventoryAcl.csproj", "{5146E341-0BE1-49D4-842B-9746F643CDD4}"
EndProject
Global
	GlobalSection(SolutionConfigurationPlatforms) = preSolution
		Debug|Any CPU = Debug|Any CPU
		Release|Any CPU = Release|Any CPU
	EndGlobalSection
	GlobalSection(ProjectConfigurationPlatforms) = postSolution
		{20D6F47C-2561-4AA2-95F2-46DCC9290710}.Debug|Any CPU.ActiveCfg = Debug|Any CPU
		{20D6F47C-2561-4AA2-95F2-46DCC9290710}.Debug|Any CPU.Build.0 = Debug|Any CPU
		{20D6F47C-2561-4AA2-95F2-46DCC9290710}.Release|Any CPU.ActiveCfg = Release|Any CPU
		{20D6F47C-2561-4AA2-95F2-46DCC9290710}.Release|Any CPU.Build.0 = Release|Any CPU
		{9815E8A0-A21A-49C4-9C8C-EE03A22F66BE}.Debug|Any CPU.ActiveCfg = Debug|Any CPU
		{9815E8A0-A21A-49C4-9C8C-EE03A22F66BE}.Debug|Any CPU.Build.0 = Debug|Any CPU
		{9815E8A0-A21A-49C4-9C8C-EE03A22F66BE}.Release|Any CPU.ActiveCfg = Release|Any CPU
		{9815E8A0-A21A-49C4-9C8C-EE03A22F66BE}.Release|Any CPU.Build.0 = Release|Any CPU
		{8EA8A24C-4CA4-4F2A-A09B-93424CA11C2B}.Debug|Any CPU.ActiveCfg = Debug|Any CPU
		{8EA8A24C-4CA4-4F2A-A09B-93424CA11C2B}.Debug|Any CPU.Build.0 = Debug|Any CPU
		{8EA8A24C-4CA4-4F2A-A09B-93424CA11C2B}.Release|Any CPU.ActiveCfg = Release|Any CPU
		{8EA8A24C-4CA4-4F2A-A09B-93424CA11C2B}.Release|Any CPU.Build.0 = Release|Any CPU
		{F315A9B3-0444-4B25-9F75-600002312E5D}.Debug|Any CPU.ActiveCfg = Debug|Any CPU
		{F315A9B3-0444-4B25-9F75-600002312E5D}.Debug|Any CPU.Build.0 = Debug|Any CPU
		{F315A9B3-0444-4B25-9F75-600002312E5D}.Release|Any CPU.ActiveCfg = Release|Any CPU
		{F315A9B3-0444-4B25-9F75-600002312E5D}.Release|Any CPU.Build.0 = Release|Any CPU
		{B35FA36F-1247-4396-B570-AB1507FDD210}.Debug|Any CPU.ActiveCfg = Debug|Any CPU
		{B35FA36F-1247-4396-B570-AB1507FDD210}.Debug|Any CPU.Build.0 = Debug|Any CPU
		{B35FA36F-1247-4396-B570-AB1507FDD210}.Release|Any CPU.ActiveCfg = Release|Any CPU
		{B35FA36F-1247-4396-B570-AB1507FDD210}.Release|Any CPU.Build.0 = Release|Any CPU
		{37EB6996-87E7-4303-A9C0-201A5B4D3FA9}.Debug|Any CPU.ActiveCfg = Debug|Any CPU
		{37EB6996-87E7-4303-A9C0-201A5B4D3FA9}.Debug|Any CPU.Build.0 = Debug|Any CPU
		{37EB6996-87E7-4303-A9C0-201A5B4D3FA9}.Release|Any CPU.ActiveCfg = Release|Any CPU
		{37EB6996-87E7-4303-A9C0-201A5B4D3FA9}.Release|Any CPU.Build.0 = Release|Any CPU
		{7334BD9F-9370-4F0C-A229-1DB33E6619AE}.Debug|Any CPU.ActiveCfg = Debug|Any CPU
		{7334BD9F-9370-4F0C-A229-1DB33E6619AE}.Debug|Any CPU.Build.0 = Debug|Any CPU
		{7334BD9F-9370-4F0C-A229-1DB33E6619AE}.Release|Any CPU.ActiveCfg = Release|Any CPU
		{7334BD9F-9370-4F0C-A229-1DB33E6619AE}.Release|Any CPU.Build.0 = Release|Any CPU
		{4A286369-C958-4770-AECB-CC8B407FF88F}.Debug|Any CPU.ActiveCfg = Debug|Any CPU
		{4A286369-C958-4770-AECB-CC8B407FF88F}.Debug|Any CPU.Build.0 = Debug|Any CPU
		{4A286369-C958-4770-AECB-CC8B407FF88F}.Release|Any CPU.ActiveCfg = Release|Any CPU
		{4A286369-C958-4770-AECB-CC8B407FF88F}.Release|Any CPU.Build.0 = Release|Any CPU
		{5BF9E683-FDFE-4120-B586-B094A5EC38CD}.Debug|Any CPU.ActiveCfg = Debug|Any CPU
		{5BF9E683-FDFE-4120-B586-B094A5EC38CD}.Debug|Any CPU.Build.0 = Debug|Any CPU
		{5BF9E683-FDFE-4120-B586-B094A5EC38CD}.Release|Any CPU.ActiveCfg = Release|Any CPU
		{5BF9E683-FDFE-4120-B586-B094A5EC38CD}.Release|Any CPU.Build.0 = Release|Any CPU
		{9B6B9FDC-552C-4524-9328-1FD44A1AF916}.Debug|Any CPU.ActiveCfg = Debug|Any CPU
		{9B6B9FDC-552C-4524-9328-1FD44A1AF916}.Debug|Any CPU.Build.0 = Debug|Any CPU
		{9B6B9FDC-552C-4524-9328-1FD44A1AF916}.Release|Any CPU.ActiveCfg = Release|Any CPU
		{9B6B9FDC-552C-4524-9328-1FD44A1AF916}.Release|Any CPU.Build.0 = Release|Any CPU
		{35A836CD-4572-4EA3-A18E-69F0E6E34990}.Debug|Any CPU.ActiveCfg = Debug|Any CPU
		{35A836CD-4572-4EA3-A18E-69F0E6E34990}.Debug|Any CPU.Build.0 = Debug|Any CPU
		{35A836CD-4572-4EA3-A18E-69F0E6E34990}.Release|Any CPU.ActiveCfg = Release|Any CPU
		{35A836CD-4572-4EA3-A18E-69F0E6E34990}.Release|Any CPU.Build.0 = Release|Any CPU
		{4D85B63F-9CFF-422D-882C-3A3E27ABEBD9}.Debug|Any CPU.ActiveCfg = Debug|Any CPU
		{4D85B63F-9CFF-422D-882C-3A3E27ABEBD9}.Debug|Any CPU.Build.0 = Debug|Any CPU
		{4D85B63F-9CFF-422D-882C-3A3E27ABEBD9}.Release|Any CPU.ActiveCfg = Release|Any CPU
		{4D85B63F-9CFF-422D-882C-3A3E27ABEBD9}.Release|Any CPU.Build.0 = Release|Any CPU
		{CD2BA94F-45E8-4C50-BCF2-0431813E3C0E}.Debug|Any CPU.ActiveCfg = Debug|Any CPU
		{CD2BA94F-45E8-4C50-BCF2-0431813E3C0E}.Debug|Any CPU.Build.0 = Debug|Any CPU
		{CD2BA94F-45E8-4C50-BCF2-0431813E3C0E}.Release|Any CPU.ActiveCfg = Release|Any CPU
		{CD2BA94F-45E8-4C50-BCF2-0431813E3C0E}.Release|Any CPU.Build.0 = Release|Any CPU
		{CCB2257C-EF5F-47B8-BB73-FAFD53EAAFC0}.Debug|Any CPU.ActiveCfg = Debug|Any CPU
		{CCB2257C-EF5F-47B8-BB73-FAFD53EAAFC0}.Debug|Any CPU.Build.0 = Debug|Any CPU
		{CCB2257C-EF5F-47B8-BB73-FAFD53EAAFC0}.Release|Any CPU.ActiveCfg = Release|Any CPU
		{CCB2257C-EF5F-47B8-BB73-FAFD53EAAFC0}.Release|Any CPU.Build.0 = Release|Any CPU
		{2A1527EB-2106-48C7-9247-D3B2694E9E32}.Debug|Any CPU.ActiveCfg = Debug|Any CPU
		{2A1527EB-2106-48C7-9247-D3B2694E9E32}.Debug|Any CPU.Build.0 = Debug|Any CPU
		{2A1527EB-2106-48C7-9247-D3B2694E9E32}.Release|Any CPU.ActiveCfg = Release|Any CPU
		{2A1527EB-2106-48C7-9247-D3B2694E9E32}.Release|Any CPU.Build.0 = Release|Any CPU
		{2BCD6D63-853B-4F2C-AF1A-E46B5BF2D740}.Debug|Any CPU.ActiveCfg = Debug|Any CPU
		{2BCD6D63-853B-4F2C-AF1A-E46B5BF2D740}.Debug|Any CPU.Build.0 = Debug|Any CPU
		{2BCD6D63-853B-4F2C-AF1A-E46B5BF2D740}.Release|Any CPU.ActiveCfg = Release|Any CPU
		{2BCD6D63-853B-4F2C-AF1A-E46B5BF2D740}.Release|Any CPU.Build.0 = Release|Any CPU
		{6EA83961-049B-44A7-AA7B-C16C0DEE829A}.Debug|Any CPU.ActiveCfg = Debug|Any CPU
		{6EA83961-049B-44A7-AA7B-C16C0DEE829A}.Debug|Any CPU.Build.0 = Debug|Any CPU
		{6EA83961-049B-44A7-AA7B-C16C0DEE829A}.Release|Any CPU.ActiveCfg = Release|Any CPU
		{6EA83961-049B-44A7-AA7B-C16C0DEE829A}.Release|Any CPU.Build.0 = Release|Any CPU
		{F0D9A753-B33F-4814-90ED-F6B9F387FE55}.Debug|Any CPU.ActiveCfg = Debug|Any CPU
		{F0D9A753-B33F-4814-90ED-F6B9F387FE55}.Debug|Any CPU.Build.0 = Debug|Any CPU
		{F0D9A753-B33F-4814-90ED-F6B9F387FE55}.Release|Any CPU.ActiveCfg = Release|Any CPU
		{F0D9A753-B33F-4814-90ED-F6B9F387FE55}.Release|Any CPU.Build.0 = Release|Any CPU
		{80466533-DE81-41EF-B0AA-B09E0074146E}.Debug|Any CPU.ActiveCfg = Debug|Any CPU
		{80466533-DE81-41EF-B0AA-B09E0074146E}.Debug|Any CPU.Build.0 = Debug|Any CPU
		{80466533-DE81-41EF-B0AA-B09E0074146E}.Release|Any CPU.ActiveCfg = Release|Any CPU
		{80466533-DE81-41EF-B0AA-B09E0074146E}.Release|Any CPU.Build.0 = Release|Any CPU
		{99785917-1CD1-483C-8F8C-525FDF20540F}.Debug|Any CPU.ActiveCfg = Debug|Any CPU
		{99785917-1CD1-483C-8F8C-525FDF20540F}.Debug|Any CPU.Build.0 = Debug|Any CPU
		{99785917-1CD1-483C-8F8C-525FDF20540F}.Release|Any CPU.ActiveCfg = Release|Any CPU
		{99785917-1CD1-483C-8F8C-525FDF20540F}.Release|Any CPU.Build.0 = Release|Any CPU
		{EC1B774A-0663-41DE-96B5-F07A714DB6A7}.Debug|Any CPU.ActiveCfg = Debug|Any CPU
		{EC1B774A-0663-41DE-96B5-F07A714DB6A7}.Debug|Any CPU.Build.0 = Debug|Any CPU
		{EC1B774A-0663-41DE-96B5-F07A714DB6A7}.Release|Any CPU.ActiveCfg = Release|Any CPU
		{EC1B774A-0663-41DE-96B5-F07A714DB6A7}.Release|Any CPU.Build.0 = Release|Any CPU
		{91B98756-40FC-4F35-BBCB-F26807B3A427}.Debug|Any CPU.ActiveCfg = Debug|Any CPU
		{91B98756-40FC-4F35-BBCB-F26807B3A427}.Debug|Any CPU.Build.0 = Debug|Any CPU
		{91B98756-40FC-4F35-BBCB-F26807B3A427}.Release|Any CPU.ActiveCfg = Release|Any CPU
		{91B98756-40FC-4F35-BBCB-F26807B3A427}.Release|Any CPU.Build.0 = Release|Any CPU
		{41E133FE-F71F-424A-A0D1-F9AFF07CE8E7}.Debug|Any CPU.ActiveCfg = Debug|Any CPU
		{41E133FE-F71F-424A-A0D1-F9AFF07CE8E7}.Debug|Any CPU.Build.0 = Debug|Any CPU
		{41E133FE-F71F-424A-A0D1-F9AFF07CE8E7}.Release|Any CPU.ActiveCfg = Release|Any CPU
		{41E133FE-F71F-424A-A0D1-F9AFF07CE8E7}.Release|Any CPU.Build.0 = Release|Any CPU
		{CFF9BDAB-4B53-49EA-B815-3BEF55921455}.Debug|Any CPU.ActiveCfg = Debug|Any CPU
		{CFF9BDAB-4B53-49EA-B815-3BEF55921455}.Debug|Any CPU.Build.0 = Debug|Any CPU
		{CFF9BDAB-4B53-49EA-B815-3BEF55921455}.Release|Any CPU.ActiveCfg = Release|Any CPU
		{CFF9BDAB-4B53-49EA-B815-3BEF55921455}.Release|Any CPU.Build.0 = Release|Any CPU
		{03164B85-FB28-4A3C-BF23-FD393960C54F}.Debug|Any CPU.ActiveCfg = Debug|Any CPU
		{03164B85-FB28-4A3C-BF23-FD393960C54F}.Debug|Any CPU.Build.0 = Debug|Any CPU
		{03164B85-FB28-4A3C-BF23-FD393960C54F}.Release|Any CPU.ActiveCfg = Release|Any CPU
		{03164B85-FB28-4A3C-BF23-FD393960C54F}.Release|Any CPU.Build.0 = Release|Any CPU
		{BA7025B3-80A1-4A8F-A2B9-FD6539D06399}.Debug|Any CPU.ActiveCfg = Debug|Any CPU
		{BA7025B3-80A1-4A8F-A2B9-FD6539D06399}.Debug|Any CPU.Build.0 = Debug|Any CPU
		{BA7025B3-80A1-4A8F-A2B9-FD6539D06399}.Release|Any CPU.ActiveCfg = Release|Any CPU
		{BA7025B3-80A1-4A8F-A2B9-FD6539D06399}.Release|Any CPU.Build.0 = Release|Any CPU
		{95876EED-1598-43B7-AC23-8634929AEAB4}.Debug|Any CPU.ActiveCfg = Debug|Any CPU
		{95876EED-1598-43B7-AC23-8634929AEAB4}.Debug|Any CPU.Build.0 = Debug|Any CPU
		{95876EED-1598-43B7-AC23-8634929AEAB4}.Release|Any CPU.ActiveCfg = Release|Any CPU
		{95876EED-1598-43B7-AC23-8634929AEAB4}.Release|Any CPU.Build.0 = Release|Any CPU
		{D162653F-7635-4A61-B612-C3610C113950}.Debug|Any CPU.ActiveCfg = Debug|Any CPU
		{D162653F-7635-4A61-B612-C3610C113950}.Debug|Any CPU.Build.0 = Debug|Any CPU
		{D162653F-7635-4A61-B612-C3610C113950}.Release|Any CPU.ActiveCfg = Release|Any CPU
		{D162653F-7635-4A61-B612-C3610C113950}.Release|Any CPU.Build.0 = Release|Any CPU
		{52EC00E2-2B89-460E-A8D9-8D83994033BC}.Debug|Any CPU.ActiveCfg = Debug|Any CPU
		{52EC00E2-2B89-460E-A8D9-8D83994033BC}.Debug|Any CPU.Build.0 = Debug|Any CPU
		{52EC00E2-2B89-460E-A8D9-8D83994033BC}.Release|Any CPU.ActiveCfg = Release|Any CPU
		{52EC00E2-2B89-460E-A8D9-8D83994033BC}.Release|Any CPU.Build.0 = Release|Any CPU
		{1600EAB5-6704-4B67-9884-EA401053CB3A}.Debug|Any CPU.ActiveCfg = Debug|Any CPU
		{1600EAB5-6704-4B67-9884-EA401053CB3A}.Debug|Any CPU.Build.0 = Debug|Any CPU
		{1600EAB5-6704-4B67-9884-EA401053CB3A}.Release|Any CPU.ActiveCfg = Release|Any CPU
		{1600EAB5-6704-4B67-9884-EA401053CB3A}.Release|Any CPU.Build.0 = Release|Any CPU
		{9C72510F-2198-4DF6-B458-5541249F7531}.Debug|Any CPU.ActiveCfg = Debug|Any CPU
		{9C72510F-2198-4DF6-B458-5541249F7531}.Debug|Any CPU.Build.0 = Debug|Any CPU
		{9C72510F-2198-4DF6-B458-5541249F7531}.Release|Any CPU.ActiveCfg = Release|Any CPU
		{9C72510F-2198-4DF6-B458-5541249F7531}.Release|Any CPU.Build.0 = Release|Any CPU
		{20B216D9-5004-4663-BCFE-B199B8DA982A}.Debug|Any CPU.ActiveCfg = Debug|Any CPU
		{20B216D9-5004-4663-BCFE-B199B8DA982A}.Debug|Any CPU.Build.0 = Debug|Any CPU
		{20B216D9-5004-4663-BCFE-B199B8DA982A}.Release|Any CPU.ActiveCfg = Release|Any CPU
		{20B216D9-5004-4663-BCFE-B199B8DA982A}.Release|Any CPU.Build.0 = Release|Any CPU
		{60FF2B9D-3DA4-4FE4-BB01-E4E42D52C4E8}.Debug|Any CPU.ActiveCfg = Debug|Any CPU
		{60FF2B9D-3DA4-4FE4-BB01-E4E42D52C4E8}.Debug|Any CPU.Build.0 = Debug|Any CPU
		{60FF2B9D-3DA4-4FE4-BB01-E4E42D52C4E8}.Release|Any CPU.ActiveCfg = Release|Any CPU
		{60FF2B9D-3DA4-4FE4-BB01-E4E42D52C4E8}.Release|Any CPU.Build.0 = Release|Any CPU
		{D682BDD9-19AB-4E48-928B-52E96918D250}.Debug|Any CPU.ActiveCfg = Debug|Any CPU
		{D682BDD9-19AB-4E48-928B-52E96918D250}.Debug|Any CPU.Build.0 = Debug|Any CPU
		{D682BDD9-19AB-4E48-928B-52E96918D250}.Release|Any CPU.ActiveCfg = Release|Any CPU
		{D682BDD9-19AB-4E48-928B-52E96918D250}.Release|Any CPU.Build.0 = Release|Any CPU
		{E31CA9B1-14BB-4541-A089-1DCFA71C4C01}.Debug|Any CPU.ActiveCfg = Debug|Any CPU
		{E31CA9B1-14BB-4541-A089-1DCFA71C4C01}.Debug|Any CPU.Build.0 = Debug|Any CPU
		{E31CA9B1-14BB-4541-A089-1DCFA71C4C01}.Release|Any CPU.ActiveCfg = Release|Any CPU
		{E31CA9B1-14BB-4541-A089-1DCFA71C4C01}.Release|Any CPU.Build.0 = Release|Any CPU
		{0D814315-00FD-4936-9E0E-ABF595B4609F}.Debug|Any CPU.ActiveCfg = Debug|Any CPU
		{0D814315-00FD-4936-9E0E-ABF595B4609F}.Debug|Any CPU.Build.0 = Debug|Any CPU
		{0D814315-00FD-4936-9E0E-ABF595B4609F}.Release|Any CPU.ActiveCfg = Release|Any CPU
		{0D814315-00FD-4936-9E0E-ABF595B4609F}.Release|Any CPU.Build.0 = Release|Any CPU
		{5146E341-0BE1-49D4-842B-9746F643CDD4}.Debug|Any CPU.ActiveCfg = Debug|Any CPU
		{5146E341-0BE1-49D4-842B-9746F643CDD4}.Debug|Any CPU.Build.0 = Debug|Any CPU
		{5146E341-0BE1-49D4-842B-9746F643CDD4}.Release|Any CPU.ActiveCfg = Release|Any CPU
		{5146E341-0BE1-49D4-842B-9746F643CDD4}.Release|Any CPU.Build.0 = Release|Any CPU
	EndGlobalSection
	GlobalSection(SolutionProperties) = preSolution
		HideSolutionNode = FALSE
	EndGlobalSection
	GlobalSection(NestedProjects) = preSolution
		{EEF15B54-FB0B-45FD-B967-1DEA6611BD27} = {C5AADC80-C34C-493A-A538-E8AED34AB396}
		{EC028225-6798-4C2A-BDD8-0A8BC9EF11F8} = {C5AADC80-C34C-493A-A538-E8AED34AB396}
		{20D6F47C-2561-4AA2-95F2-46DCC9290710} = {EEF15B54-FB0B-45FD-B967-1DEA6611BD27}
		{8EA8A24C-4CA4-4F2A-A09B-93424CA11C2B} = {EC028225-6798-4C2A-BDD8-0A8BC9EF11F8}
		{F315A9B3-0444-4B25-9F75-600002312E5D} = {EC028225-6798-4C2A-BDD8-0A8BC9EF11F8}
		{D6E831B3-88D6-4C41-96C3-F3711E095FB9} = {C5AADC80-C34C-493A-A538-E8AED34AB396}
		{B35FA36F-1247-4396-B570-AB1507FDD210} = {D6E831B3-88D6-4C41-96C3-F3711E095FB9}
		{37EB6996-87E7-4303-A9C0-201A5B4D3FA9} = {D6E831B3-88D6-4C41-96C3-F3711E095FB9}
		{76193701-C567-4B35-8903-839E5147B5B1} = {DEB4CFF6-66F5-479D-9793-F9E62A370AD4}
		{2D71B294-D635-4753-8EC0-6E48CD0A7465} = {DEB4CFF6-66F5-479D-9793-F9E62A370AD4}
		{B0628ED9-7B53-41B7-AB5D-215CAA60EB16} = {DEB4CFF6-66F5-479D-9793-F9E62A370AD4}
		{5BF9E683-FDFE-4120-B586-B094A5EC38CD} = {76193701-C567-4B35-8903-839E5147B5B1}
		{9B6B9FDC-552C-4524-9328-1FD44A1AF916} = {2D71B294-D635-4753-8EC0-6E48CD0A7465}
		{35A836CD-4572-4EA3-A18E-69F0E6E34990} = {2D71B294-D635-4753-8EC0-6E48CD0A7465}
		{4D85B63F-9CFF-422D-882C-3A3E27ABEBD9} = {B0628ED9-7B53-41B7-AB5D-215CAA60EB16}
		{CD2BA94F-45E8-4C50-BCF2-0431813E3C0E} = {B0628ED9-7B53-41B7-AB5D-215CAA60EB16}
		{4D76F74C-B944-4457-A518-C7D13E5FF4AA} = {237F5060-CBD1-46C5-BFAA-07F3CDC5975F}
		{277F681A-BD63-4B9E-90D6-1D4584581B55} = {237F5060-CBD1-46C5-BFAA-07F3CDC5975F}
		{8D9AF624-1C81-4DD7-A238-395D4018BE89} = {237F5060-CBD1-46C5-BFAA-07F3CDC5975F}
		{CCB2257C-EF5F-47B8-BB73-FAFD53EAAFC0} = {4D76F74C-B944-4457-A518-C7D13E5FF4AA}
		{2A1527EB-2106-48C7-9247-D3B2694E9E32} = {277F681A-BD63-4B9E-90D6-1D4584581B55}
		{2BCD6D63-853B-4F2C-AF1A-E46B5BF2D740} = {8D9AF624-1C81-4DD7-A238-395D4018BE89}
		{6EA83961-049B-44A7-AA7B-C16C0DEE829A} = {8D9AF624-1C81-4DD7-A238-395D4018BE89}
		{F0D9A753-B33F-4814-90ED-F6B9F387FE55} = {277F681A-BD63-4B9E-90D6-1D4584581B55}
		{FBCE5F38-B9F0-40AF-B2CE-E4DE5BCA00E4} = {555A3A93-059F-41F3-8B4B-FF89DE4FBD84}
		{99090842-CCE1-41AF-A2C3-70ADF3B9647C} = {555A3A93-059F-41F3-8B4B-FF89DE4FBD84}
		{7AC0256D-0104-40F7-9E72-9A29887D6848} = {555A3A93-059F-41F3-8B4B-FF89DE4FBD84}
		{80466533-DE81-41EF-B0AA-B09E0074146E} = {FBCE5F38-B9F0-40AF-B2CE-E4DE5BCA00E4}
		{99785917-1CD1-483C-8F8C-525FDF20540F} = {99090842-CCE1-41AF-A2C3-70ADF3B9647C}
		{EC1B774A-0663-41DE-96B5-F07A714DB6A7} = {99090842-CCE1-41AF-A2C3-70ADF3B9647C}
		{91B98756-40FC-4F35-BBCB-F26807B3A427} = {7AC0256D-0104-40F7-9E72-9A29887D6848}
		{41E133FE-F71F-424A-A0D1-F9AFF07CE8E7} = {7AC0256D-0104-40F7-9E72-9A29887D6848}
		{5C3F665F-73D6-4AD5-BB00-4A0CAE369E0C} = {619FFDE9-F1E3-485C-8D08-197ED649852C}
		{2B04A56F-22D9-42F7-A150-18E1BEE81BC5} = {619FFDE9-F1E3-485C-8D08-197ED649852C}
		{BDD9A80C-56B7-41C9-BA75-85AD43C95E8C} = {619FFDE9-F1E3-485C-8D08-197ED649852C}
		{CFF9BDAB-4B53-49EA-B815-3BEF55921455} = {5C3F665F-73D6-4AD5-BB00-4A0CAE369E0C}
		{03164B85-FB28-4A3C-BF23-FD393960C54F} = {2B04A56F-22D9-42F7-A150-18E1BEE81BC5}
		{BA7025B3-80A1-4A8F-A2B9-FD6539D06399} = {2B04A56F-22D9-42F7-A150-18E1BEE81BC5}
		{95876EED-1598-43B7-AC23-8634929AEAB4} = {BDD9A80C-56B7-41C9-BA75-85AD43C95E8C}
		{D162653F-7635-4A61-B612-C3610C113950} = {BDD9A80C-56B7-41C9-BA75-85AD43C95E8C}
		{CC3D9EAD-1EBE-4352-82EF-3DD49CF8447F} = {BD9CCCA6-5E5B-4A34-BE74-9B3B564A1B57}
		{C5A43991-F50B-491F-83C2-E0800C6CE473} = {BD9CCCA6-5E5B-4A34-BE74-9B3B564A1B57}
		{66ED5E8F-5BBF-4532-A6EB-DF7E5307FE81} = {BD9CCCA6-5E5B-4A34-BE74-9B3B564A1B57}
		{52EC00E2-2B89-460E-A8D9-8D83994033BC} = {CC3D9EAD-1EBE-4352-82EF-3DD49CF8447F}
		{1600EAB5-6704-4B67-9884-EA401053CB3A} = {C5A43991-F50B-491F-83C2-E0800C6CE473}
		{9C72510F-2198-4DF6-B458-5541249F7531} = {CC3D9EAD-1EBE-4352-82EF-3DD49CF8447F}
		{20B216D9-5004-4663-BCFE-B199B8DA982A} = {66ED5E8F-5BBF-4532-A6EB-DF7E5307FE81}
		{60FF2B9D-3DA4-4FE4-BB01-E4E42D52C4E8} = {66ED5E8F-5BBF-4532-A6EB-DF7E5307FE81}
		{5938B983-0A29-4C09-8692-0B010B4D4A3E} = {C5AADC80-C34C-493A-A538-E8AED34AB396}
		{D682BDD9-19AB-4E48-928B-52E96918D250} = {5938B983-0A29-4C09-8692-0B010B4D4A3E}
		{836A00FD-A31B-44E2-9754-2CB093F3C5CE} = {237F5060-CBD1-46C5-BFAA-07F3CDC5975F}
		{E31CA9B1-14BB-4541-A089-1DCFA71C4C01} = {836A00FD-A31B-44E2-9754-2CB093F3C5CE}
		{1A7C8B62-5E6C-40B8-8921-DCE07A1F4D86} = {555A3A93-059F-41F3-8B4B-FF89DE4FBD84}
		{0D814315-00FD-4936-9E0E-ABF595B4609F} = {1A7C8B62-5E6C-40B8-8921-DCE07A1F4D86}
		{5146E341-0BE1-49D4-842B-9746F643CDD4} = {D6E831B3-88D6-4C41-96C3-F3711E095FB9}
	EndGlobalSection
	GlobalSection(ExtensibilityGlobals) = postSolution
		SolutionGuid = {9D2AD56B-6992-4A58-95F4-5482EA8F6161}
	EndGlobalSection
EndGlobal
